// !$*UTF8*$!
{
	archiveVersion = 1;
	classes = {
	};
	objectVersion = 50;
	objects = {

/* Begin PBXBuildFile section */
		BB89C28624C832BF0025CB35 /* AppDelegate.m in Sources */ = {isa = PBXBuildFile; fileRef = BB89C28524C832BF0025CB35 /* AppDelegate.m */; };
		BB89C28924C832BF0025CB35 /* SceneDelegate.m in Sources */ = {isa = PBXBuildFile; fileRef = BB89C28824C832BF0025CB35 /* SceneDelegate.m */; };
		BB89C28C24C832BF0025CB35 /* ViewController.m in Sources */ = {isa = PBXBuildFile; fileRef = BB89C28B24C832BF0025CB35 /* ViewController.m */; };
		BB89C28F24C832BF0025CB35 /* Main.storyboard in Resources */ = {isa = PBXBuildFile; fileRef = BB89C28D24C832BF0025CB35 /* Main.storyboard */; };
		BB89C29124C832C00025CB35 /* Assets.xcassets in Resources */ = {isa = PBXBuildFile; fileRef = BB89C29024C832C00025CB35 /* Assets.xcassets */; };
		BB89C29424C832C00025CB35 /* LaunchScreen.storyboard in Resources */ = {isa = PBXBuildFile; fileRef = BB89C29224C832C00025CB35 /* LaunchScreen.storyboard */; };
		BB89C29724C832C00025CB35 /* main.m in Sources */ = {isa = PBXBuildFile; fileRef = BB89C29624C832C00025CB35 /* main.m */; };
/* End PBXBuildFile section */

/* Begin PBXFileReference section */
		BB89C28124C832BF0025CB35 /* SignUpScreen.app */ = {isa = PBXFileReference; explicitFileType = wrapper.application; includeInIndex = 0; path = SignUpScreen.app; sourceTree = BUILT_PRODUCTS_DIR; };
		BB89C28424C832BF0025CB35 /* AppDelegate.h */ = {isa = PBXFileReference; lastKnownFileType = sourcecode.c.h; path = AppDelegate.h; sourceTree = "<group>"; };
		BB89C28524C832BF0025CB35 /* AppDelegate.m */ = {isa = PBXFileReference; lastKnownFileType = sourcecode.c.objc; path = AppDelegate.m; sourceTree = "<group>"; };
		BB89C28724C832BF0025CB35 /* SceneDelegate.h */ = {isa = PBXFileReference; lastKnownFileType = sourcecode.c.h; path = SceneDelegate.h; sourceTree = "<group>"; };
		BB89C28824C832BF0025CB35 /* SceneDelegate.m */ = {isa = PBXFileReference; lastKnownFileType = sourcecode.c.objc; path = SceneDelegate.m; sourceTree = "<group>"; };
		BB89C28A24C832BF0025CB35 /* ViewController.h */ = {isa = PBXFileReference; lastKnownFileType = sourcecode.c.h; path = ViewController.h; sourceTree = "<group>"; };
		BB89C28B24C832BF0025CB35 /* ViewController.m */ = {isa = PBXFileReference; lastKnownFileType = sourcecode.c.objc; path = ViewController.m; sourceTree = "<group>"; };
		BB89C28E24C832BF0025CB35 /* Base */ = {isa = PBXFileReference; lastKnownFileType = file.storyboard; name = Base; path = Base.lproj/Main.storyboard; sourceTree = "<group>"; };
		BB89C29024C832C00025CB35 /* Assets.xcassets */ = {isa = PBXFileReference; lastKnownFileType = folder.assetcatalog; path = Assets.xcassets; sourceTree = "<group>"; };
		BB89C29324C832C00025CB35 /* Base */ = {isa = PBXFileReference; lastKnownFileType = file.storyboard; name = Base; path = Base.lproj/LaunchScreen.storyboard; sourceTree = "<group>"; };
		BB89C29524C832C00025CB35 /* Info.plist */ = {isa = PBXFileReference; lastKnownFileType = text.plist.xml; path = Info.plist; sourceTree = "<group>"; };
		BB89C29624C832C00025CB35 /* main.m */ = {isa = PBXFileReference; lastKnownFileType = sourcecode.c.objc; path = main.m; sourceTree = "<group>"; };
/* End PBXFileReference section */

/* Begin PBXFrameworksBuildPhase section */
		BB89C27E24C832BF0025CB35 /* Frameworks */ = {
			isa = PBXFrameworksBuildPhase;
			buildActionMask = 2147483647;
			files = (
			);
			runOnlyForDeploymentPostprocessing = 0;
		};
/* End PBXFrameworksBuildPhase section */

/* Begin PBXGroup section */
		BB89C27824C832BF0025CB35 = {
			isa = PBXGroup;
			children = (
				BB89C28324C832BF0025CB35 /* SignUpScreen */,
				BB89C28224C832BF0025CB35 /* Products */,
			);
			sourceTree = "<group>";
		};
		BB89C28224C832BF0025CB35 /* Products */ = {
			isa = PBXGroup;
			children = (
				BB89C28124C832BF0025CB35 /* SignUpScreen.app */,
			);
			name = Products;
			sourceTree = "<group>";
		};
		BB89C28324C832BF0025CB35 /* SignUpScreen */ = {
			isa = PBXGroup;
			children = (
				BB89C28424C832BF0025CB35 /* AppDelegate.h */,
				BB89C28524C832BF0025CB35 /* AppDelegate.m */,
				BB89C28724C832BF0025CB35 /* SceneDelegate.h */,
				BB89C28824C832BF0025CB35 /* SceneDelegate.m */,
				BB89C28A24C832BF0025CB35 /* ViewController.h */,
				BB89C28B24C832BF0025CB35 /* ViewController.m */,
				BB89C28D24C832BF0025CB35 /* Main.storyboard */,
				BB89C29024C832C00025CB35 /* Assets.xcassets */,
				BB89C29224C832C00025CB35 /* LaunchScreen.storyboard */,
				BB89C29524C832C00025CB35 /* Info.plist */,
				BB89C29624C832C00025CB35 /* main.m */,
			);
			path = SignUpScreen;
			sourceTree = "<group>";
		};
/* End PBXGroup section */

/* Begin PBXNativeTarget section */
		BB89C28024C832BF0025CB35 /* SignUpScreen */ = {
			isa = PBXNativeTarget;
			buildConfigurationList = BB89C29A24C832C00025CB35 /* Build configuration list for PBXNativeTarget "SignUpScreen" */;
			buildPhases = (
				BB89C27D24C832BF0025CB35 /* Sources */,
				BB89C27E24C832BF0025CB35 /* Frameworks */,
				BB89C27F24C832BF0025CB35 /* Resources */,
			);
			buildRules = (
			);
			dependencies = (
			);
			name = SignUpScreen;
			productName = SignUpScreen;
			productReference = BB89C28124C832BF0025CB35 /* SignUpScreen.app */;
			productType = "com.apple.product-type.application";
		};
/* End PBXNativeTarget section */

/* Begin PBXProject section */
		BB89C27924C832BF0025CB35 /* Project object */ = {
			isa = PBXProject;
			attributes = {
				LastUpgradeCheck = 1130;
				ORGANIZATIONNAME = yeejun;
				TargetAttributes = {
					BB89C28024C832BF0025CB35 = {
						CreatedOnToolsVersion = 11.3.1;
					};
				};
			};
			buildConfigurationList = BB89C27C24C832BF0025CB35 /* Build configuration list for PBXProject "SignUpScreen" */;
			compatibilityVersion = "Xcode 9.3";
			developmentRegion = en;
			hasScannedForEncodings = 0;
			knownRegions = (
				en,
				Base,
			);
			mainGroup = BB89C27824C832BF0025CB35;
			productRefGroup = BB89C28224C832BF0025CB35 /* Products */;
			projectDirPath = "";
			projectRoot = "";
			targets = (
				BB89C28024C832BF0025CB35 /* SignUpScreen */,
			);
		};
/* End PBXProject section */

/* Begin PBXResourcesBuildPhase section */
		BB89C27F24C832BF0025CB35 /* Resources */ = {
			isa = PBXResourcesBuildPhase;
			buildActionMask = 2147483647;
			files = (
				BB89C29424C832C00025CB35 /* LaunchScreen.storyboard in Resources */,
				BB89C29124C832C00025CB35 /* Assets.xcassets in Resources */,
				BB89C28F24C832BF0025CB35 /* Main.storyboard in Resources */,
			);
			runOnlyForDeploymentPostprocessing = 0;
		};
/* End PBXResourcesBuildPhase section */

/* Begin PBXSourcesBuildPhase section */
		BB89C27D24C832BF0025CB35 /* Sources */ = {
			isa = PBXSourcesBuildPhase;
			buildActionMask = 2147483647;
			files = (
				BB89C28C24C832BF0025CB35 /* ViewController.m in Sources */,
				BB89C28624C832BF0025CB35 /* AppDelegate.m in Sources */,
				BB89C29724C832C00025CB35 /* main.m in Sources */,
				BB89C28924C832BF0025CB35 /* SceneDelegate.m in Sources */,
			);
			runOnlyForDeploymentPostprocessing = 0;
		};
/* End PBXSourcesBuildPhase section */

/* Begin PBXVariantGroup section */
		BB89C28D24C832BF0025CB35 /* Main.storyboard */ = {
			isa = PBXVariantGroup;
			children = (
				BB89C28E24C832BF0025CB35 /* Base */,
			);
			name = Main.storyboard;
			sourceTree = "<group>";
		};
		BB89C29224C832C00025CB35 /* LaunchScreen.storyboard */ = {
			isa = PBXVariantGroup;
			children = (
				BB89C29324C832C00025CB35 /* Base */,
			);
			name = LaunchScreen.storyboard;
			sourceTree = "<group>";
		};
/* End PBXVariantGroup section */

/* Begin XCBuildConfiguration section */
		BB89C29824C832C00025CB35 /* Debug */ = {
			isa = XCBuildConfiguration;
			buildSettings = {
				ALWAYS_SEARCH_USER_PATHS = NO;
				CLANG_ANALYZER_NONNULL = YES;
				CLANG_ANALYZER_NUMBER_OBJECT_CONVERSION = YES_AGGRESSIVE;
				CLANG_CXX_LANGUAGE_STANDARD = "gnu++14";
				CLANG_CXX_LIBRARY = "libc++";
				CLANG_ENABLE_MODULES = YES;
				CLANG_ENABLE_OBJC_ARC = YES;
				CLANG_ENABLE_OBJC_WEAK = YES;
				CLANG_WARN_BLOCK_CAPTURE_AUTORELEASING = YES;
				CLANG_WARN_BOOL_CONVERSION = YES;
				CLANG_WARN_COMMA = YES;
				CLANG_WARN_CONSTANT_CONVERSION = YES;
				CLANG_WARN_DEPRECATED_OBJC_IMPLEMENTATIONS = YES;
				CLANG_WARN_DIRECT_OBJC_ISA_USAGE = YES_ERROR;
				CLANG_WARN_DOCUMENTATION_COMMENTS = YES;
				CLANG_WARN_EMPTY_BODY = YES;
				CLANG_WARN_ENUM_CONVERSION = YES;
				CLANG_WARN_INFINITE_RECURSION = YES;
				CLANG_WARN_INT_CONVERSION = YES;
				CLANG_WARN_NON_LITERAL_NULL_CONVERSION = YES;
				CLANG_WARN_OBJC_IMPLICIT_RETAIN_SELF = YES;
				CLANG_WARN_OBJC_LITERAL_CONVERSION = YES;
				CLANG_WARN_OBJC_ROOT_CLASS = YES_ERROR;
				CLANG_WARN_RANGE_LOOP_ANALYSIS = YES;
				CLANG_WARN_STRICT_PROTOTYPES = YES;
				CLANG_WARN_SUSPICIOUS_MOVE = YES;
				CLANG_WARN_UNGUARDED_AVAILABILITY = YES_AGGRESSIVE;
				CLANG_WARN_UNREACHABLE_CODE = YES;
				CLANG_WARN__DUPLICATE_METHOD_MATCH = YES;
				COPY_PHASE_STRIP = NO;
				DEBUG_INFORMATION_FORMAT = dwarf;
				ENABLE_STRICT_OBJC_MSGSEND = YES;
				ENABLE_TESTABILITY = YES;
				GCC_C_LANGUAGE_STANDARD = gnu11;
				GCC_DYNAMIC_NO_PIC = NO;
				GCC_NO_COMMON_BLOCKS = YES;
				GCC_OPTIMIZATION_LEVEL = 0;
				GCC_PREPROCESSOR_DEFINITIONS = (
					"DEBUG=1",
					"$(inherited)",
				);
				GCC_WARN_64_TO_32_BIT_CONVERSION = YES;
				GCC_WARN_ABOUT_RETURN_TYPE = YES_ERROR;
				GCC_WARN_UNDECLARED_SELECTOR = YES;
				GCC_WARN_UNINITIALIZED_AUTOS = YES_AGGRESSIVE;
				GCC_WARN_UNUSED_FUNCTION = YES;
				GCC_WARN_UNUSED_VARIABLE = YES;
				IPHONEOS_DEPLOYMENT_TARGET = 13.2;
				MTL_ENABLE_DEBUG_INFO = INCLUDE_SOURCE;
				MTL_FAST_MATH = YES;
				ONLY_ACTIVE_ARCH = YES;
				SDKROOT = iphoneos;
			};
			name = Debug;
		};
		BB89C29924C832C00025CB35 /* Release */ = {
			isa = XCBuildConfiguration;
			buildSettings = {
				ALWAYS_SEARCH_USER_PATHS = NO;
				CLANG_ANALYZER_NONNULL = YES;
				CLANG_ANALYZER_NUMBER_OBJECT_CONVERSION = YES_AGGRESSIVE;
				CLANG_CXX_LANGUAGE_STANDARD = "gnu++14";
				CLANG_CXX_LIBRARY = "libc++";
				CLANG_ENABLE_MODULES = YES;
				CLANG_ENABLE_OBJC_ARC = YES;
				CLANG_ENABLE_OBJC_WEAK = YES;
				CLANG_WARN_BLOCK_CAPTURE_AUTORELEASING = YES;
				CLANG_WARN_BOOL_CONVERSION = YES;
				CLANG_WARN_COMMA = YES;
				CLANG_WARN_CONSTANT_CONVERSION = YES;
				CLANG_WARN_DEPRECATED_OBJC_IMPLEMENTATIONS = YES;
				CLANG_WARN_DIRECT_OBJC_ISA_USAGE = YES_ERROR;
				CLANG_WARN_DOCUMENTATION_COMMENTS = YES;
				CLANG_WARN_EMPTY_BODY = YES;
				CLANG_WARN_ENUM_CONVERSION = YES;
				CLANG_WARN_INFINITE_RECURSION = YES;
				CLANG_WARN_INT_CONVERSION = YES;
				CLANG_WARN_NON_LITERAL_NULL_CONVERSION = YES;
				CLANG_WARN_OBJC_IMPLICIT_RETAIN_SELF = YES;
				CLANG_WARN_OBJC_LITERAL_CONVERSION = YES;
				CLANG_WARN_OBJC_ROOT_CLASS = YES_ERROR;
				CLANG_WARN_RANGE_LOOP_ANALYSIS = YES;
				CLANG_WARN_STRICT_PROTOTYPES = YES;
				CLANG_WARN_SUSPICIOUS_MOVE = YES;
				CLANG_WARN_UNGUARDED_AVAILABILITY = YES_AGGRESSIVE;
				CLANG_WARN_UNREACHABLE_CODE = YES;
				CLANG_WARN__DUPLICATE_METHOD_MATCH = YES;
				COPY_PHASE_STRIP = NO;
				DEBUG_INFORMATION_FORMAT = "dwarf-with-dsym";
				ENABLE_NS_ASSERTIONS = NO;
				ENABLE_STRICT_OBJC_MSGSEND = YES;
				GCC_C_LANGUAGE_STANDARD = gnu11;
				GCC_NO_COMMON_BLOCKS = YES;
				GCC_WARN_64_TO_32_BIT_CONVERSION = YES;
				GCC_WARN_ABOUT_RETURN_TYPE = YES_ERROR;
				GCC_WARN_UNDECLARED_SELECTOR = YES;
				GCC_WARN_UNINITIALIZED_AUTOS = YES_AGGRESSIVE;
				GCC_WARN_UNUSED_FUNCTION = YES;
				GCC_WARN_UNUSED_VARIABLE = YES;
				IPHONEOS_DEPLOYMENT_TARGET = 13.2;
				MTL_ENABLE_DEBUG_INFO = NO;
				MTL_FAST_MATH = YES;
				SDKROOT = iphoneos;
				VALIDATE_PRODUCT = YES;
			};
			name = Release;
		};
		BB89C29B24C832C00025CB35 /* Debug */ = {
			isa = XCBuildConfiguration;
			buildSettings = {
				ASSETCATALOG_COMPILER_APPICON_NAME = AppIcon;
				CODE_SIGN_STYLE = Automatic;
				DEVELOPMENT_TEAM = WQ9RSVD3A4;
				INFOPLIST_FILE = SignUpScreen/Info.plist;
				LD_RUNPATH_SEARCH_PATHS = (
					"$(inherited)",
					"@executable_path/Frameworks",
				);
				PRODUCT_BUNDLE_IDENTIFIER = none.SignUpScreen;
				PRODUCT_NAME = "$(TARGET_NAME)";
				TARGETED_DEVICE_FAMILY = "1,2";
			};
			name = Debug;
		};
		BB89C29C24C832C00025CB35 /* Release */ = {
			isa = XCBuildConfiguration;
			buildSettings = {
				ASSETCATALOG_COMPILER_APPICON_NAME = AppIcon;
				CODE_SIGN_STYLE = Automatic;
				DEVELOPMENT_TEAM = WQ9RSVD3A4;
				INFOPLIST_FILE = SignUpScreen/Info.plist;
				LD_RUNPATH_SEARCH_PATHS = (
					"$(inherited)",
					"@executable_path/Frameworks",
				);
				PRODUCT_BUNDLE_IDENTIFIER = none.SignUpScreen;
				PRODUCT_NAME = "$(TARGET_NAME)";
				TARGETED_DEVICE_FAMILY = "1,2";
			};
			name = Release;
		};
/* End XCBuildConfiguration section */

/* Begin XCConfigurationList section */
		BB89C27C24C832BF0025CB35 /* Build configuration list for PBXProject "SignUpScreen" */ = {
			isa = XCConfigurationList;
			buildConfigurations = (
				BB89C29824C832C00025CB35 /* Debug */,
				BB89C29924C832C00025CB35 /* Release */,
			);
			defaultConfigurationIsVisible = 0;
			defaultConfigurationName = Release;
		};
		BB89C29A24C832C00025CB35 /* Build configuration list for PBXNativeTarget "SignUpScreen" */ = {
			isa = XCConfigurationList;
			buildConfigurations = (
				BB89C29B24C832C00025CB35 /* Debug */,
				BB89C29C24C832C00025CB35 /* Release */,
			);
			defaultConfigurationIsVisible = 0;
			defaultConfigurationName = Release;
		};
/* End XCConfigurationList section */
	};
	rootObject = BB89C27924C832BF0025CB35 /* Project object */;
}
